{
  "name": "decision-hub-glasses",
  "version": "1.0.0",
  "lockfileVersion": 3,
  "requires": true,
  "packages": {
    "": {
      "name": "decision-hub-glasses",
      "version": "1.0.0",
      "license": "ISC",
      "dependencies": {
        "@evenrealities/even_hub_sdk": "^0.0.14"
      }
    },
    "node_modules/@evenrealities/even_hub_sdk": {
      "version": "0.0.14",
      "resolved": "https://registry.npmjs.org/@evenrealities/even_hub_sdk/-/even_hub_sdk-0.0.14.tgz",
      "integrity": "sha512-lNtyIldZfe0dhAVxCfNuJ7waH2lMPli8DyklA8jF4DlvByQtbK1janodPNo7M8+7Plp30mlQT8d+vYU3gO8vKQ==",
      "license": "MIT",
      "engines": {
        "node": "^20.0.0 || >=22.0.0"
      }
    }
  }
}
